{
    "_readme": [
        "This file locks the dependencies of your project to a known state",
        "Read more about it at http://getcomposer.org/doc/01-basic-usage.md#composer-lock-the-lock-file"
    ],
    "hash": "0f5361744fd23be0aeed99e7e82b14ca",
    "packages": [
        {
            "name": "jandrabek/nette-mailpanel",
            "version": "3.0.1",
            "source": {
                "type": "git",
                "url": "https://github.com/repli2dev/nette-mailpanel.git",
                "reference": "636efaad41960c004a50cf809919d4138bffc5cc"
            },
            "dist": {
                "type": "zip",
                "url": "https://api.github.com/repos/repli2dev/nette-mailpanel/zipball/636efaad41960c004a50cf809919d4138bffc5cc",
                "reference": "636efaad41960c004a50cf809919d4138bffc5cc",
                "shasum": ""
            },
            "require": {
                "nette/nette": "2.0.* | 2.1.*",
                "php": ">=5.3.1"
            },
            "type": "library",
            "notification-url": "https://packagist.org/downloads/",
            "license": [
                "BSD-3-Clause"
            ],
            "authors": [
                {
                    "name": "Jan Drábek",
                    "homepage": "http://www.jandrabek.cz"
                }
            ],
            "description": "MailPanel is extension for Nette Framework which captures sent e-mails in development mode and shows them from debugger bar.",
            "homepage": "http://addons.nette.org/cs/mailpanel",
            "keywords": [
                "debugging",
                "framework",
                "mail",
                "mail panel",
                "mailing",
                "mailpanel",
                "sessionmailer"
            ],
            "time": "2014-03-03 09:02:30"
        },
        {
            "name": "nette/nette",
            "version": "v2.1.2",
            "source": {
                "type": "git",
                "url": "https://github.com/nette/nette.git",
                "reference": "8065ce5a8879557c7a3e5130cd9162e55fb3a5c4"
            },
            "dist": {
                "type": "zip",
                "url": "https://api.github.com/repos/nette/nette/zipball/8065ce5a8879557c7a3e5130cd9162e55fb3a5c4",
                "reference": "8065ce5a8879557c7a3e5130cd9162e55fb3a5c4",
                "shasum": ""
            },
            "require": {
                "ext-iconv": "*",
                "ext-tokenizer": "*",
                "php": ">=5.3.1"
            },
            "require-dev": {
                "nette/tester": "~1.0.0"
            },
            "suggest": {
                "ext-fileinfo": "*",
                "ext-gd": "*",
                "ext-mbstring": "*",
                "ext-pdo": "*"
            },
            "type": "library",
            "autoload": {
                "classmap": [
                    "Nette/"
                ],
                "files": [
                    "Nette/common/shortcuts.php"
                ]
            },
            "notification-url": "https://packagist.org/downloads/",
            "license": [
                "BSD-3-Clause",
                "GPL-2.0",
                "GPL-3.0"
            ],
            "authors": [
                {
                    "name": "David Grudl",
                    "homepage": "http://davidgrudl.com"
                },
                {
                    "name": "Nette Community",
                    "homepage": "http://nette.org/contributors"
                }
            ],
            "description": "Nette Framework - innovative framework for fast and easy development of secured web applications in PHP. Write less, have cleaner code and your work will bring you joy.",
            "homepage": "http://nette.org",
            "keywords": [
                "Forms",
                "database",
                "debugging",
                "framework",
                "mailing",
                "mvc",
                "templating"
            ],
            "time": "2014-03-17 18:54:21"
        }
    ],
    "packages-dev": null,
    "aliases": [

    ],
    "minimum-stability": "stable",
    "stability-flags": {
        "nette/tester": 20
    },
    "platform": {
        "php": ">= 5.3.1"
    },
    "platform-dev": [

    ]
}
